
Microsoft Visual Studio Solution File, Format Version 12.00
# Visual Studio Version 17
VisualStudioVersion = 17.6.33723.286
MinimumVisualStudioVersion = 10.0.40219.1
Project("{FAE04EC0-301F-11D3-BF4B-00C04F79EFBC}") = "PRATICE SESSIOON 1", "PRATICE SESSIOON 1\PRATICE SESSIOON 1.csproj", "{925E5A81-C73B-405E-A01A-5DC945F385B1}"
EndProject
Global
	GlobalSection(SolutionConfigurationPlatforms) = preSolution
		Debug|Any CPU = Debug|Any CPU
		Release|Any CPU = Release|Any CPU
	EndGlobalSection
	GlobalSection(ProjectConfigurationPlatforms) = postSolution
		{925E5A81-C73B-405E-A01A-5DC945F385B1}.Debug|Any CPU.ActiveCfg = Debug|Any CPU
		{925E5A81-C73B-405E-A01A-5DC945F385B1}.Debug|Any CPU.Build.0 = Debug|Any CPU
		{925E5A81-C73B-405E-A01A-5DC945F385B1}.Release|Any CPU.ActiveCfg = Release|Any CPU
		{925E5A81-C73B-405E-A01A-5DC945F385B1}.Release|Any CPU.Build.0 = Release|Any CPU
	EndGlobalSection
	GlobalSection(SolutionProperties) = preSolution
		HideSolutionNode = FALSE
	EndGlobalSection
	GlobalSection(ExtensibilityGlobals) = postSolution
		SolutionGuid = {FC95C073-F4AF-4C6B-B7B9-3ADFEF0C6743}
	EndGlobalSection
EndGlobal
